// !$*UTF8*$!
{
	archiveVersion = 1;
	classes = {
	};
	objectVersion = 56;
	objects = {

/* Begin PBXBuildFile section */
		F82A0D632A93A4940013A43B /* Alligator_TodoApp.swift in Sources */ = {isa = PBXBuildFile; fileRef = F82A0D622A93A4940013A43B /* Alligator_TodoApp.swift */; };
		F82A0D652A93A4940013A43B /* ContentView.swift in Sources */ = {isa = PBXBuildFile; fileRef = F82A0D642A93A4940013A43B /* ContentView.swift */; };
		F82A0D672A93A4950013A43B /* Assets.xcassets in Resources */ = {isa = PBXBuildFile; fileRef = F82A0D662A93A4950013A43B /* Assets.xcassets */; };
		F82A0D6A2A93A4950013A43B /* Preview Assets.xcassets in Resources */ = {isa = PBXBuildFile; fileRef = F82A0D692A93A4950013A43B /* Preview Assets.xcassets */; };
		F82A0D722A93A4CD0013A43B /* RiveRuntime in Frameworks */ = {isa = PBXBuildFile; productRef = F82A0D712A93A4CD0013A43B /* RiveRuntime */; };
		F82A0D782A93A52F0013A43B /* TodoList.swift in Sources */ = {isa = PBXBuildFile; fileRef = F82A0D772A93A52F0013A43B /* TodoList.swift */; };
		F82A0D7A2A93A9270013A43B /* TodoTile.swift in Sources */ = {isa = PBXBuildFile; fileRef = F82A0D792A93A9270013A43B /* TodoTile.swift */; };
		F82A0D7E2A93A9930013A43B /* TodoModel.swift in Sources */ = {isa = PBXBuildFile; fileRef = F82A0D7D2A93A9930013A43B /* TodoModel.swift */; };
		F82A0D802A949AAB0013A43B /* alligator_swipe.riv in Resources */ = {isa = PBXBuildFile; fileRef = F82A0D7F2A949AAB0013A43B /* alligator_swipe.riv */; };
/* End PBXBuildFile section */

/* Begin PBXFileReference section */
		F82A0D5F2A93A4940013A43B /* Alligator Todo.app */ = {isa = PBXFileReference; explicitFileType = wrapper.application; includeInIndex = 0; path = "Alligator Todo.app"; sourceTree = BUILT_PRODUCTS_DIR; };
		F82A0D622A93A4940013A43B /* Alligator_TodoApp.swift */ = {isa = PBXFileReference; lastKnownFileType = sourcecode.swift; path = Alligator_TodoApp.swift; sourceTree = "<group>"; };
		F82A0D642A93A4940013A43B /* ContentView.swift */ = {isa = PBXFileReference; lastKnownFileType = sourcecode.swift; path = ContentView.swift; sourceTree = "<group>"; };
		F82A0D662A93A4950013A43B /* Assets.xcassets */ = {isa = PBXFileReference; lastKnownFileType = folder.assetcatalog; path = Assets.xcassets; sourceTree = "<group>"; };
		F82A0D692A93A4950013A43B /* Preview Assets.xcassets */ = {isa = PBXFileReference; lastKnownFileType = folder.assetcatalog; path = "Preview Assets.xcassets"; sourceTree = "<group>"; };
		F82A0D772A93A52F0013A43B /* TodoList.swift */ = {isa = PBXFileReference; lastKnownFileType = sourcecode.swift; path = TodoList.swift; sourceTree = "<group>"; };
		F82A0D792A93A9270013A43B /* TodoTile.swift */ = {isa = PBXFileReference; lastKnownFileType = sourcecode.swift; path = TodoTile.swift; sourceTree = "<group>"; };
		F82A0D7D2A93A9930013A43B /* TodoModel.swift */ = {isa = PBXFileReference; lastKnownFileType = sourcecode.swift; path = TodoModel.swift; sourceTree = "<group>"; };
		F82A0D7F2A949AAB0013A43B /* alligator_swipe.riv */ = {isa = PBXFileReference; lastKnownFileType = file; name = alligator_swipe.riv; path = ../../../../../../Downloads/alligator_swipe.riv; sourceTree = "<group>"; };
/* End PBXFileReference section */

/* Begin PBXFrameworksBuildPhase section */
		F82A0D5C2A93A4940013A43B /* Frameworks */ = {
			isa = PBXFrameworksBuildPhase;
			buildActionMask = 2147483647;
			files = (
				F82A0D722A93A4CD0013A43B /* RiveRuntime in Frameworks */,
			);
			runOnlyForDeploymentPostprocessing = 0;
		};
/* End PBXFrameworksBuildPhase section */

/* Begin PBXGroup section */
		F82A0D562A93A4940013A43B = {
			isa = PBXGroup;
			children = (
				F82A0D612A93A4940013A43B /* Alligator Todo */,
				F82A0D602A93A4940013A43B /* Products */,
			);
			sourceTree = "<group>";
		};
		F82A0D602A93A4940013A43B /* Products */ = {
			isa = PBXGroup;
			children = (
				F82A0D5F2A93A4940013A43B /* Alligator Todo.app */,
			);
			name = Products;
			sourceTree = "<group>";
		};
		F82A0D612A93A4940013A43B /* Alligator Todo */ = {
			isa = PBXGroup;
			children = (
				F82A0D7C2A93A96D0013A43B /* models */,
				F82A0D7B2A93A9390013A43B /* views */,
				F82A0D732A93A4F70013A43B /* animations */,
				F82A0D622A93A4940013A43B /* Alligator_TodoApp.swift */,
				F82A0D662A93A4950013A43B /* Assets.xcassets */,
				F82A0D682A93A4950013A43B /* Preview Content */,
			);
			path = "Alligator Todo";
			sourceTree = "<group>";
		};
		F82A0D682A93A4950013A43B /* Preview Content */ = {
			isa = PBXGroup;
			children = (
				F82A0D692A93A4950013A43B /* Preview Assets.xcassets */,
			);
			path = "Preview Content";
			sourceTree = "<group>";
		};
		F82A0D732A93A4F70013A43B /* animations */ = {
			isa = PBXGroup;
			children = (
				F82A0D7F2A949AAB0013A43B /* alligator_swipe.riv */,
			);
			path = animations;
			sourceTree = "<group>";
		};
		F82A0D7B2A93A9390013A43B /* views */ = {
			isa = PBXGroup;
			children = (
				F82A0D642A93A4940013A43B /* ContentView.swift */,
				F82A0D772A93A52F0013A43B /* TodoList.swift */,
				F82A0D792A93A9270013A43B /* TodoTile.swift */,
			);
			path = views;
			sourceTree = "<group>";
		};
		F82A0D7C2A93A96D0013A43B /* models */ = {
			isa = PBXGroup;
			children = (
				F82A0D7D2A93A9930013A43B /* TodoModel.swift */,
			);
			path = models;
			sourceTree = "<group>";
		};
/* End PBXGroup section */

/* Begin PBXNativeTarget section */
		F82A0D5E2A93A4940013A43B /* Alligator Todo */ = {
			isa = PBXNativeTarget;
			buildConfigurationList = F82A0D6D2A93A4950013A43B /* Build configuration list for PBXNativeTarget "Alligator Todo" */;
			buildPhases = (
				F82A0D5B2A93A4940013A43B /* Sources */,
				F82A0D5C2A93A4940013A43B /* Frameworks */,
				F82A0D5D2A93A4940013A43B /* Resources */,
			);
			buildRules = (
			);
			dependencies = (
			);
			name = "Alligator Todo";
			packageProductDependencies = (
				F82A0D712A93A4CD0013A43B /* RiveRuntime */,
			);
			productName = "Alligator Todo";
			productReference = F82A0D5F2A93A4940013A43B /* Alligator Todo.app */;
			productType = "com.apple.product-type.application";
		};
/* End PBXNativeTarget section */

/* Begin PBXProject section */
		F82A0D572A93A4940013A43B /* Project object */ = {
			isa = PBXProject;
			attributes = {
				BuildIndependentTargetsInParallel = 1;
				LastSwiftUpdateCheck = 1430;
				LastUpgradeCheck = 1430;
				TargetAttributes = {
					F82A0D5E2A93A4940013A43B = {
						CreatedOnToolsVersion = 14.3;
					};
				};
			};
			buildConfigurationList = F82A0D5A2A93A4940013A43B /* Build configuration list for PBXProject "Alligator Todo" */;
			compatibilityVersion = "Xcode 14.0";
			developmentRegion = en;
			hasScannedForEncodings = 0;
			knownRegions = (
				en,
				Base,
			);
			mainGroup = F82A0D562A93A4940013A43B;
			packageReferences = (
				F82A0D702A93A4CD0013A43B /* XCRemoteSwiftPackageReference "rive-ios" */,
			);
			productRefGroup = F82A0D602A93A4940013A43B /* Products */;
			projectDirPath = "";
			projectRoot = "";
			targets = (
				F82A0D5E2A93A4940013A43B /* Alligator Todo */,
			);
		};
/* End PBXProject section */

/* Begin PBXResourcesBuildPhase section */
		F82A0D5D2A93A4940013A43B /* Resources */ = {
			isa = PBXResourcesBuildPhase;
			buildActionMask = 2147483647;
			files = (
				F82A0D6A2A93A4950013A43B /* Preview Assets.xcassets in Resources */,
				F82A0D802A949AAB0013A43B /* alligator_swipe.riv in Resources */,
				F82A0D672A93A4950013A43B /* Assets.xcassets in Resources */,
			);
			runOnlyForDeploymentPostprocessing = 0;
		};
/* End PBXResourcesBuildPhase section */

/* Begin PBXSourcesBuildPhase section */
		F82A0D5B2A93A4940013A43B /* Sources */ = {
			isa = PBXSourcesBuildPhase;
			buildActionMask = 2147483647;
			files = (
				F82A0D782A93A52F0013A43B /* TodoList.swift in Sources */,
				F82A0D652A93A4940013A43B /* ContentView.swift in Sources */,
				F82A0D7A2A93A9270013A43B /* TodoTile.swift in Sources */,
				F82A0D7E2A93A9930013A43B /* TodoModel.swift in Sources */,
				F82A0D632A93A4940013A43B /* Alligator_TodoApp.swift in Sources */,
			);
			runOnlyForDeploymentPostprocessing = 0;
		};
/* End PBXSourcesBuildPhase section */

/* Begin XCBuildConfiguration section */
		F82A0D6B2A93A4950013A43B /* Debug */ = {
			isa = XCBuildConfiguration;
			buildSettings = {
				ALWAYS_SEARCH_USER_PATHS = NO;
				CLANG_ANALYZER_NONNULL = YES;
				CLANG_ANALYZER_NUMBER_OBJECT_CONVERSION = YES_AGGRESSIVE;
				CLANG_CXX_LANGUAGE_STANDARD = "gnu++20";
				CLANG_ENABLE_MODULES = YES;
				CLANG_ENABLE_OBJC_ARC = YES;
				CLANG_ENABLE_OBJC_WEAK = YES;
				CLANG_WARN_BLOCK_CAPTURE_AUTORELEASING = YES;
				CLANG_WARN_BOOL_CONVERSION = YES;
				CLANG_WARN_COMMA = YES;
				CLANG_WARN_CONSTANT_CONVERSION = YES;
				CLANG_WARN_DEPRECATED_OBJC_IMPLEMENTATIONS = YES;
				CLANG_WARN_DIRECT_OBJC_ISA_USAGE = YES_ERROR;
				CLANG_WARN_DOCUMENTATION_COMMENTS = YES;
				CLANG_WARN_EMPTY_BODY = YES;
				CLANG_WARN_ENUM_CONVERSION = YES;
				CLANG_WARN_INFINITE_RECURSION = YES;
				CLANG_WARN_INT_CONVERSION = YES;
				CLANG_WARN_NON_LITERAL_NULL_CONVERSION = YES;
				CLANG_WARN_OBJC_IMPLICIT_RETAIN_SELF = YES;
				CLANG_WARN_OBJC_LITERAL_CONVERSION = YES;
				CLANG_WARN_OBJC_ROOT_CLASS = YES_ERROR;
				CLANG_WARN_QUOTED_INCLUDE_IN_FRAMEWORK_HEADER = YES;
				CLANG_WARN_RANGE_LOOP_ANALYSIS = YES;
				CLANG_WARN_STRICT_PROTOTYPES = YES;
				CLANG_WARN_SUSPICIOUS_MOVE = YES;
				CLANG_WARN_UNGUARDED_AVAILABILITY = YES_AGGRESSIVE;
				CLANG_WARN_UNREACHABLE_CODE = YES;
				CLANG_WARN__DUPLICATE_METHOD_MATCH = YES;
				COPY_PHASE_STRIP = NO;
				DEBUG_INFORMATION_FORMAT = dwarf;
				ENABLE_STRICT_OBJC_MSGSEND = YES;
				ENABLE_TESTABILITY = YES;
				GCC_C_LANGUAGE_STANDARD = gnu11;
				GCC_DYNAMIC_NO_PIC = NO;
				GCC_NO_COMMON_BLOCKS = YES;
				GCC_OPTIMIZATION_LEVEL = 0;
				GCC_PREPROCESSOR_DEFINITIONS = (
					"DEBUG=1",
					"$(inherited)",
				);
				GCC_WARN_64_TO_32_BIT_CONVERSION = YES;
				GCC_WARN_ABOUT_RETURN_TYPE = YES_ERROR;
				GCC_WARN_UNDECLARED_SELECTOR = YES;
				GCC_WARN_UNINITIALIZED_AUTOS = YES_AGGRESSIVE;
				GCC_WARN_UNUSED_FUNCTION = YES;
				GCC_WARN_UNUSED_VARIABLE = YES;
				IPHONEOS_DEPLOYMENT_TARGET = 16.4;
				MTL_ENABLE_DEBUG_INFO = INCLUDE_SOURCE;
				MTL_FAST_MATH = YES;
				ONLY_ACTIVE_ARCH = YES;
				SDKROOT = iphoneos;
				SWIFT_ACTIVE_COMPILATION_CONDITIONS = DEBUG;
				SWIFT_OPTIMIZATION_LEVEL = "-Onone";
			};
			name = Debug;
		};
		F82A0D6C2A93A4950013A43B /* Release */ = {
			isa = XCBuildConfiguration;
			buildSettings = {
				ALWAYS_SEARCH_USER_PATHS = NO;
				CLANG_ANALYZER_NONNULL = YES;
				CLANG_ANALYZER_NUMBER_OBJECT_CONVERSION = YES_AGGRESSIVE;
				CLANG_CXX_LANGUAGE_STANDARD = "gnu++20";
				CLANG_ENABLE_MODULES = YES;
				CLANG_ENABLE_OBJC_ARC = YES;
				CLANG_ENABLE_OBJC_WEAK = YES;
				CLANG_WARN_BLOCK_CAPTURE_AUTORELEASING = YES;
				CLANG_WARN_BOOL_CONVERSION = YES;
				CLANG_WARN_COMMA = YES;
				CLANG_WARN_CONSTANT_CONVERSION = YES;
				CLANG_WARN_DEPRECATED_OBJC_IMPLEMENTATIONS = YES;
				CLANG_WARN_DIRECT_OBJC_ISA_USAGE = YES_ERROR;
				CLANG_WARN_DOCUMENTATION_COMMENTS = YES;
				CLANG_WARN_EMPTY_BODY = YES;
				CLANG_WARN_ENUM_CONVERSION = YES;
				CLANG_WARN_INFINITE_RECURSION = YES;
				CLANG_WARN_INT_CONVERSION = YES;
				CLANG_WARN_NON_LITERAL_NULL_CONVERSION = YES;
				CLANG_WARN_OBJC_IMPLICIT_RETAIN_SELF = YES;
				CLANG_WARN_OBJC_LITERAL_CONVERSION = YES;
				CLANG_WARN_OBJC_ROOT_CLASS = YES_ERROR;
				CLANG_WARN_QUOTED_INCLUDE_IN_FRAMEWORK_HEADER = YES;
				CLANG_WARN_RANGE_LOOP_ANALYSIS = YES;
				CLANG_WARN_STRICT_PROTOTYPES = YES;
				CLANG_WARN_SUSPICIOUS_MOVE = YES;
				CLANG_WARN_UNGUARDED_AVAILABILITY = YES_AGGRESSIVE;
				CLANG_WARN_UNREACHABLE_CODE = YES;
				CLANG_WARN__DUPLICATE_METHOD_MATCH = YES;
				COPY_PHASE_STRIP = NO;
				DEBUG_INFORMATION_FORMAT = "dwarf-with-dsym";
				ENABLE_NS_ASSERTIONS = NO;
				ENABLE_STRICT_OBJC_MSGSEND = YES;
				GCC_C_LANGUAGE_STANDARD = gnu11;
				GCC_NO_COMMON_BLOCKS = YES;
				GCC_WARN_64_TO_32_BIT_CONVERSION = YES;
				GCC_WARN_ABOUT_RETURN_TYPE = YES_ERROR;
				GCC_WARN_UNDECLARED_SELECTOR = YES;
				GCC_WARN_UNINITIALIZED_AUTOS = YES_AGGRESSIVE;
				GCC_WARN_UNUSED_FUNCTION = YES;
				GCC_WARN_UNUSED_VARIABLE = YES;
				IPHONEOS_DEPLOYMENT_TARGET = 16.4;
				MTL_ENABLE_DEBUG_INFO = NO;
				MTL_FAST_MATH = YES;
				SDKROOT = iphoneos;
				SWIFT_COMPILATION_MODE = wholemodule;
				SWIFT_OPTIMIZATION_LEVEL = "-O";
				VALIDATE_PRODUCT = YES;
			};
			name = Release;
		};
		F82A0D6E2A93A4950013A43B /* Debug */ = {
			isa = XCBuildConfiguration;
			buildSettings = {
				ASSETCATALOG_COMPILER_APPICON_NAME = AppIcon;
				ASSETCATALOG_COMPILER_GLOBAL_ACCENT_COLOR_NAME = AccentColor;
				CODE_SIGN_STYLE = Automatic;
				CURRENT_PROJECT_VERSION = 1;
				DEVELOPMENT_ASSET_PATHS = "\"Alligator Todo/Preview Content\"";
				DEVELOPMENT_TEAM = NJ3JMFUNS9;
				ENABLE_PREVIEWS = YES;
				GENERATE_INFOPLIST_FILE = YES;
				INFOPLIST_KEY_UIApplicationSceneManifest_Generation = YES;
				INFOPLIST_KEY_UIApplicationSupportsIndirectInputEvents = YES;
				INFOPLIST_KEY_UILaunchScreen_Generation = YES;
				INFOPLIST_KEY_UISupportedInterfaceOrientations_iPad = "UIInterfaceOrientationPortrait UIInterfaceOrientationPortraitUpsideDown UIInterfaceOrientationLandscapeLeft UIInterfaceOrientationLandscapeRight";
				INFOPLIST_KEY_UISupportedInterfaceOrientations_iPhone = "UIInterfaceOrientationPortrait UIInterfaceOrientationLandscapeLeft UIInterfaceOrientationLandscapeRight";
				IPHONEOS_DEPLOYMENT_TARGET = 17.0;
				LD_RUNPATH_SEARCH_PATHS = (
					"$(inherited)",
					"@executable_path/Frameworks",
				);
				MARKETING_VERSION = 1.0;
				PRODUCT_BUNDLE_IDENTIFIER = "app.rive.Alligator-Todo";
				PRODUCT_NAME = "$(TARGET_NAME)";
				SWIFT_EMIT_LOC_STRINGS = YES;
				SWIFT_VERSION = 5.0;
				TARGETED_DEVICE_FAMILY = "1,2";
			};
			name = Debug;
		};
		F82A0D6F2A93A4950013A43B /* Release */ = {
			isa = XCBuildConfiguration;
			buildSettings = {
				ASSETCATALOG_COMPILER_APPICON_NAME = AppIcon;
				ASSETCATALOG_COMPILER_GLOBAL_ACCENT_COLOR_NAME = AccentColor;
				CODE_SIGN_STYLE = Automatic;
				CURRENT_PROJECT_VERSION = 1;
				DEVELOPMENT_ASSET_PATHS = "\"Alligator Todo/Preview Content\"";
				DEVELOPMENT_TEAM = NJ3JMFUNS9;
				ENABLE_PREVIEWS = YES;
				GENERATE_INFOPLIST_FILE = YES;
				INFOPLIST_KEY_UIApplicationSceneManifest_Generation = YES;
				INFOPLIST_KEY_UIApplicationSupportsIndirectInputEvents = YES;
				INFOPLIST_KEY_UILaunchScreen_Generation = YES;
				INFOPLIST_KEY_UISupportedInterfaceOrientations_iPad = "UIInterfaceOrientationPortrait UIInterfaceOrientationPortraitUpsideDown UIInterfaceOrientationLandscapeLeft UIInterfaceOrientationLandscapeRight";
				INFOPLIST_KEY_UISupportedInterfaceOrientations_iPhone = "UIInterfaceOrientationPortrait UIInterfaceOrientationLandscapeLeft UIInterfaceOrientationLandscapeRight";
				IPHONEOS_DEPLOYMENT_TARGET = 17.0;
				LD_RUNPATH_SEARCH_PATHS = (
					"$(inherited)",
					"@executable_path/Frameworks",
				);
				MARKETING_VERSION = 1.0;
				PRODUCT_BUNDLE_IDENTIFIER = "app.rive.Alligator-Todo";
				PRODUCT_NAME = "$(TARGET_NAME)";
				SWIFT_EMIT_LOC_STRINGS = YES;
				SWIFT_VERSION = 5.0;
				TARGETED_DEVICE_FAMILY = "1,2";
			};
			name = Release;
		};
/* End XCBuildConfiguration section */

/* Begin XCConfigurationList section */
		F82A0D5A2A93A4940013A43B /* Build configuration list for PBXProject "Alligator Todo" */ = {
			isa = XCConfigurationList;
			buildConfigurations = (
				F82A0D6B2A93A4950013A43B /* Debug */,
				F82A0D6C2A93A4950013A43B /* Release */,
			);
			defaultConfigurationIsVisible = 0;
			defaultConfigurationName = Release;
		};
		F82A0D6D2A93A4950013A43B /* Build configuration list for PBXNativeTarget "Alligator Todo" */ = {
			isa = XCConfigurationList;
			buildConfigurations = (
				F82A0D6E2A93A4950013A43B /* Debug */,
				F82A0D6F2A93A4950013A43B /* Release */,
			);
			defaultConfigurationIsVisible = 0;
			defaultConfigurationName = Release;
		};
/* End XCConfigurationList section */

/* Begin XCRemoteSwiftPackageReference section */
		F82A0D702A93A4CD0013A43B /* XCRemoteSwiftPackageReference "rive-ios" */ = {
			isa = XCRemoteSwiftPackageReference;
			repositoryURL = "https://github.com/rive-app/rive-ios/";
			requirement = {
				kind = upToNextMajorVersion;
				minimumVersion = 5.0.0;
			};
		};
/* End XCRemoteSwiftPackageReference section */

/* Begin XCSwiftPackageProductDependency section */
		F82A0D712A93A4CD0013A43B /* RiveRuntime */ = {
			isa = XCSwiftPackageProductDependency;
			package = F82A0D702A93A4CD0013A43B /* XCRemoteSwiftPackageReference "rive-ios" */;
			productName = RiveRuntime;
		};
/* End XCSwiftPackageProductDependency section */
	};
	rootObject = F82A0D572A93A4940013A43B /* Project object */;
}
